// !$*UTF8*$!
{
	archiveVersion = 1;
	classes = {
	};
	objectVersion = 46;
	objects = {

/* Begin PBXBuildFile section */
		C79456C11D1ADC6D00A2D341 /* AppDelegate.swift in Sources */ = {isa = PBXBuildFile; fileRef = C79456C01D1ADC6D00A2D341 /* AppDelegate.swift */; };
		C79456C31D1ADC6D00A2D341 /* ViewController.swift in Sources */ = {isa = PBXBuildFile; fileRef = C79456C21D1ADC6D00A2D341 /* ViewController.swift */; };
		C79456C61D1ADC6D00A2D341 /* Main.storyboard in Resources */ = {isa = PBXBuildFile; fileRef = C79456C41D1ADC6D00A2D341 /* Main.storyboard */; };
		C79456C81D1ADC6D00A2D341 /* Assets.xcassets in Resources */ = {isa = PBXBuildFile; fileRef = C79456C71D1ADC6D00A2D341 /* Assets.xcassets */; };
		C79456CB1D1ADC6D00A2D341 /* LaunchScreen.storyboard in Resources */ = {isa = PBXBuildFile; fileRef = C79456C91D1ADC6D00A2D341 /* LaunchScreen.storyboard */; };
		C79456D91D1ADD1700A2D341 /* ShareViewController.swift in Sources */ = {isa = PBXBuildFile; fileRef = C79456D81D1ADD1700A2D341 /* ShareViewController.swift */; };
		C79456DC1D1ADD1700A2D341 /* MainInterface.storyboard in Resources */ = {isa = PBXBuildFile; fileRef = C79456DA1D1ADD1700A2D341 /* MainInterface.storyboard */; };
		C79456E01D1ADD1700A2D341 /* ShareExtension.appex in Embed App Extensions */ = {isa = PBXBuildFile; fileRef = C79456D61D1ADD1700A2D341 /* ShareExtension.appex */; settings = {ATTRIBUTES = (RemoveHeadersOnCopy, ); }; };
/* End PBXBuildFile section */

/* Begin PBXContainerItemProxy section */
		C79456DE1D1ADD1700A2D341 /* PBXContainerItemProxy */ = {
			isa = PBXContainerItemProxy;
			containerPortal = C79456B51D1ADC6D00A2D341 /* Project object */;
			proxyType = 1;
			remoteGlobalIDString = C79456D51D1ADD1700A2D341;
			remoteInfo = ShareExtension;
		};
/* End PBXContainerItemProxy section */

/* Begin PBXCopyFilesBuildPhase section */
		C79456E41D1ADD1700A2D341 /* Embed App Extensions */ = {
			isa = PBXCopyFilesBuildPhase;
			buildActionMask = 2147483647;
			dstPath = "";
			dstSubfolderSpec = 13;
			files = (
				C79456E01D1ADD1700A2D341 /* ShareExtension.appex in Embed App Extensions */,
			);
			name = "Embed App Extensions";
			runOnlyForDeploymentPostprocessing = 0;
		};
/* End PBXCopyFilesBuildPhase section */

/* Begin PBXFileReference section */
		C79456BD1D1ADC6D00A2D341 /* ShareExtensionTest.app */ = {isa = PBXFileReference; explicitFileType = wrapper.application; includeInIndex = 0; path = ShareExtensionTest.app; sourceTree = BUILT_PRODUCTS_DIR; };
		C79456C01D1ADC6D00A2D341 /* AppDelegate.swift */ = {isa = PBXFileReference; lastKnownFileType = sourcecode.swift; path = AppDelegate.swift; sourceTree = "<group>"; };
		C79456C21D1ADC6D00A2D341 /* ViewController.swift */ = {isa = PBXFileReference; lastKnownFileType = sourcecode.swift; path = ViewController.swift; sourceTree = "<group>"; };
		C79456C51D1ADC6D00A2D341 /* Base */ = {isa = PBXFileReference; lastKnownFileType = file.storyboard; name = Base; path = Base.lproj/Main.storyboard; sourceTree = "<group>"; };
		C79456C71D1ADC6D00A2D341 /* Assets.xcassets */ = {isa = PBXFileReference; lastKnownFileType = folder.assetcatalog; path = Assets.xcassets; sourceTree = "<group>"; };
		C79456CA1D1ADC6D00A2D341 /* Base */ = {isa = PBXFileReference; lastKnownFileType = file.storyboard; name = Base; path = Base.lproj/LaunchScreen.storyboard; sourceTree = "<group>"; };
		C79456CC1D1ADC6D00A2D341 /* Info.plist */ = {isa = PBXFileReference; lastKnownFileType = text.plist.xml; path = Info.plist; sourceTree = "<group>"; };
		C79456D61D1ADD1700A2D341 /* ShareExtension.appex */ = {isa = PBXFileReference; explicitFileType = "wrapper.app-extension"; includeInIndex = 0; path = ShareExtension.appex; sourceTree = BUILT_PRODUCTS_DIR; };
		C79456D81D1ADD1700A2D341 /* ShareViewController.swift */ = {isa = PBXFileReference; lastKnownFileType = sourcecode.swift; path = ShareViewController.swift; sourceTree = "<group>"; };
		C79456DB1D1ADD1700A2D341 /* Base */ = {isa = PBXFileReference; lastKnownFileType = file.storyboard; name = Base; path = Base.lproj/MainInterface.storyboard; sourceTree = "<group>"; };
		C79456DD1D1ADD1700A2D341 /* Info.plist */ = {isa = PBXFileReference; lastKnownFileType = text.plist.xml; path = Info.plist; sourceTree = "<group>"; };
/* End PBXFileReference section */

/* Begin PBXFrameworksBuildPhase section */
		C79456BA1D1ADC6D00A2D341 /* Frameworks */ = {
			isa = PBXFrameworksBuildPhase;
			buildActionMask = 2147483647;
			files = (
			);
			runOnlyForDeploymentPostprocessing = 0;
		};
		C79456D31D1ADD1700A2D341 /* Frameworks */ = {
			isa = PBXFrameworksBuildPhase;
			buildActionMask = 2147483647;
			files = (
			);
			runOnlyForDeploymentPostprocessing = 0;
		};
/* End PBXFrameworksBuildPhase section */

/* Begin PBXGroup section */
		C79456B41D1ADC6D00A2D341 = {
			isa = PBXGroup;
			children = (
				C79456BF1D1ADC6D00A2D341 /* ShareExtensionTest */,
				C79456D71D1ADD1700A2D341 /* ShareExtension */,
				C79456BE1D1ADC6D00A2D341 /* Products */,
			);
			sourceTree = "<group>";
		};
		C79456BE1D1ADC6D00A2D341 /* Products */ = {
			isa = PBXGroup;
			children = (
				C79456BD1D1ADC6D00A2D341 /* ShareExtensionTest.app */,
				C79456D61D1ADD1700A2D341 /* ShareExtension.appex */,
			);
			name = Products;
			sourceTree = "<group>";
		};
		C79456BF1D1ADC6D00A2D341 /* ShareExtensionTest */ = {
			isa = PBXGroup;
			children = (
				C79456C01D1ADC6D00A2D341 /* AppDelegate.swift */,
				C79456C21D1ADC6D00A2D341 /* ViewController.swift */,
				C79456C41D1ADC6D00A2D341 /* Main.storyboard */,
				C79456C71D1ADC6D00A2D341 /* Assets.xcassets */,
				C79456C91D1ADC6D00A2D341 /* LaunchScreen.storyboard */,
				C79456CC1D1ADC6D00A2D341 /* Info.plist */,
			);
			path = ShareExtensionTest;
			sourceTree = "<group>";
		};
		C79456D71D1ADD1700A2D341 /* ShareExtension */ = {
			isa = PBXGroup;
			children = (
				C79456D81D1ADD1700A2D341 /* ShareViewController.swift */,
				C79456DA1D1ADD1700A2D341 /* MainInterface.storyboard */,
				C79456DD1D1ADD1700A2D341 /* Info.plist */,
			);
			path = ShareExtension;
			sourceTree = "<group>";
		};
/* End PBXGroup section */

/* Begin PBXNativeTarget section */
		C79456BC1D1ADC6D00A2D341 /* ShareExtensionTest */ = {
			isa = PBXNativeTarget;
			buildConfigurationList = C79456CF1D1ADC6D00A2D341 /* Build configuration list for PBXNativeTarget "ShareExtensionTest" */;
			buildPhases = (
				C79456B91D1ADC6D00A2D341 /* Sources */,
				C79456BA1D1ADC6D00A2D341 /* Frameworks */,
				C79456BB1D1ADC6D00A2D341 /* Resources */,
				C79456E41D1ADD1700A2D341 /* Embed App Extensions */,
			);
			buildRules = (
			);
			dependencies = (
				C79456DF1D1ADD1700A2D341 /* PBXTargetDependency */,
			);
			name = ShareExtensionTest;
			productName = ShareExtensionTest;
			productReference = C79456BD1D1ADC6D00A2D341 /* ShareExtensionTest.app */;
			productType = "com.apple.product-type.application";
		};
		C79456D51D1ADD1700A2D341 /* ShareExtension */ = {
			isa = PBXNativeTarget;
			buildConfigurationList = C79456E11D1ADD1700A2D341 /* Build configuration list for PBXNativeTarget "ShareExtension" */;
			buildPhases = (
				C79456D21D1ADD1700A2D341 /* Sources */,
				C79456D31D1ADD1700A2D341 /* Frameworks */,
				C79456D41D1ADD1700A2D341 /* Resources */,
			);
			buildRules = (
			);
			dependencies = (
			);
			name = ShareExtension;
			productName = ShareExtension;
			productReference = C79456D61D1ADD1700A2D341 /* ShareExtension.appex */;
			productType = "com.apple.product-type.app-extension";
		};
/* End PBXNativeTarget section */

/* Begin PBXProject section */
		C79456B51D1ADC6D00A2D341 /* Project object */ = {
			isa = PBXProject;
			attributes = {
				LastSwiftUpdateCheck = 0730;
				LastUpgradeCheck = 0730;
				ORGANIZATIONNAME = maru.ishi;
				TargetAttributes = {
					C79456BC1D1ADC6D00A2D341 = {
						CreatedOnToolsVersion = 7.3.1;
					};
					C79456D51D1ADD1700A2D341 = {
						CreatedOnToolsVersion = 7.3.1;
					};
				};
			};
			buildConfigurationList = C79456B81D1ADC6D00A2D341 /* Build configuration list for PBXProject "ShareExtensionTest" */;
			compatibilityVersion = "Xcode 3.2";
			developmentRegion = English;
			hasScannedForEncodings = 0;
			knownRegions = (
				en,
				Base,
			);
			mainGroup = C79456B41D1ADC6D00A2D341;
			productRefGroup = C79456BE1D1ADC6D00A2D341 /* Products */;
			projectDirPath = "";
			projectRoot = "";
			targets = (
				C79456BC1D1ADC6D00A2D341 /* ShareExtensionTest */,
				C79456D51D1ADD1700A2D341 /* ShareExtension */,
			);
		};
/* End PBXProject section */

/* Begin PBXResourcesBuildPhase section */
		C79456BB1D1ADC6D00A2D341 /* Resources */ = {
			isa = PBXResourcesBuildPhase;
			buildActionMask = 2147483647;
			files = (
				C79456CB1D1ADC6D00A2D341 /* LaunchScreen.storyboard in Resources */,
				C79456C81D1ADC6D00A2D341 /* Assets.xcassets in Resources */,
				C79456C61D1ADC6D00A2D341 /* Main.storyboard in Resources */,
			);
			runOnlyForDeploymentPostprocessing = 0;
		};
		C79456D41D1ADD1700A2D341 /* Resources */ = {
			isa = PBXResourcesBuildPhase;
			buildActionMask = 2147483647;
			files = (
				C79456DC1D1ADD1700A2D341 /* MainInterface.storyboard in Resources */,
			);
			runOnlyForDeploymentPostprocessing = 0;
		};
/* End PBXResourcesBuildPhase section */

/* Begin PBXSourcesBuildPhase section */
		C79456B91D1ADC6D00A2D341 /* Sources */ = {
			isa = PBXSourcesBuildPhase;
			buildActionMask = 2147483647;
			files = (
				C79456C31D1ADC6D00A2D341 /* ViewController.swift in Sources */,
				C79456C11D1ADC6D00A2D341 /* AppDelegate.swift in Sources */,
			);
			runOnlyForDeploymentPostprocessing = 0;
		};
		C79456D21D1ADD1700A2D341 /* Sources */ = {
			isa = PBXSourcesBuildPhase;
			buildActionMask = 2147483647;
			files = (
				C79456D91D1ADD1700A2D341 /* ShareViewController.swift in Sources */,
			);
			runOnlyForDeploymentPostprocessing = 0;
		};
/* End PBXSourcesBuildPhase section */

/* Begin PBXTargetDependency section */
		C79456DF1D1ADD1700A2D341 /* PBXTargetDependency */ = {
			isa = PBXTargetDependency;
			target = C79456D51D1ADD1700A2D341 /* ShareExtension */;
			targetProxy = C79456DE1D1ADD1700A2D341 /* PBXContainerItemProxy */;
		};
/* End PBXTargetDependency section */

/* Begin PBXVariantGroup section */
		C79456C41D1ADC6D00A2D341 /* Main.storyboard */ = {
			isa = PBXVariantGroup;
			children = (
				C79456C51D1ADC6D00A2D341 /* Base */,
			);
			name = Main.storyboard;
			sourceTree = "<group>";
		};
		C79456C91D1ADC6D00A2D341 /* LaunchScreen.storyboard */ = {
			isa = PBXVariantGroup;
			children = (
				C79456CA1D1ADC6D00A2D341 /* Base */,
			);
			name = LaunchScreen.storyboard;
			sourceTree = "<group>";
		};
		C79456DA1D1ADD1700A2D341 /* MainInterface.storyboard */ = {
			isa = PBXVariantGroup;
			children = (
				C79456DB1D1ADD1700A2D341 /* Base */,
			);
			name = MainInterface.storyboard;
			sourceTree = "<group>";
		};
/* End PBXVariantGroup section */

/* Begin XCBuildConfiguration section */
		C79456CD1D1ADC6D00A2D341 /* Debug */ = {
			isa = XCBuildConfiguration;
			buildSettings = {
				ALWAYS_SEARCH_USER_PATHS = NO;
				CLANG_ANALYZER_NONNULL = YES;
				CLANG_CXX_LANGUAGE_STANDARD = "gnu++0x";
				CLANG_CXX_LIBRARY = "libc++";
				CLANG_ENABLE_MODULES = YES;
				CLANG_ENABLE_OBJC_ARC = YES;
				CLANG_WARN_BOOL_CONVERSION = YES;
				CLANG_WARN_CONSTANT_CONVERSION = YES;
				CLANG_WARN_DIRECT_OBJC_ISA_USAGE = YES_ERROR;
				CLANG_WARN_EMPTY_BODY = YES;
				CLANG_WARN_ENUM_CONVERSION = YES;
				CLANG_WARN_INT_CONVERSION = YES;
				CLANG_WARN_OBJC_ROOT_CLASS = YES_ERROR;
				CLANG_WARN_UNREACHABLE_CODE = YES;
				CLANG_WARN__DUPLICATE_METHOD_MATCH = YES;
				"CODE_SIGN_IDENTITY[sdk=iphoneos*]" = "iPhone Developer";
				COPY_PHASE_STRIP = NO;
				DEBUG_INFORMATION_FORMAT = dwarf;
				ENABLE_STRICT_OBJC_MSGSEND = YES;
				ENABLE_TESTABILITY = YES;
				GCC_C_LANGUAGE_STANDARD = gnu99;
				GCC_DYNAMIC_NO_PIC = NO;
				GCC_NO_COMMON_BLOCKS = YES;
				GCC_OPTIMIZATION_LEVEL = 0;
				GCC_PREPROCESSOR_DEFINITIONS = (
					"DEBUG=1",
					"$(inherited)",
				);
				GCC_WARN_64_TO_32_BIT_CONVERSION = YES;
				GCC_WARN_ABOUT_RETURN_TYPE = YES_ERROR;
				GCC_WARN_UNDECLARED_SELECTOR = YES;
				GCC_WARN_UNINITIALIZED_AUTOS = YES_AGGRESSIVE;
				GCC_WARN_UNUSED_FUNCTION = YES;
				GCC_WARN_UNUSED_VARIABLE = YES;
				IPHONEOS_DEPLOYMENT_TARGET = 9.3;
				MTL_ENABLE_DEBUG_INFO = YES;
				ONLY_ACTIVE_ARCH = YES;
				SDKROOT = iphoneos;
				SWIFT_OPTIMIZATION_LEVEL = "-Onone";
			};
			name = Debug;
		};
		C79456CE1D1ADC6D00A2D341 /* Release */ = {
			isa = XCBuildConfiguration;
			buildSettings = {
				ALWAYS_SEARCH_USER_PATHS = NO;
				CLANG_ANALYZER_NONNULL = YES;
				CLANG_CXX_LANGUAGE_STANDARD = "gnu++0x";
				CLANG_CXX_LIBRARY = "libc++";
				CLANG_ENABLE_MODULES = YES;
				CLANG_ENABLE_OBJC_ARC = YES;
				CLANG_WARN_BOOL_CONVERSION = YES;
				CLANG_WARN_CONSTANT_CONVERSION = YES;
				CLANG_WARN_DIRECT_OBJC_ISA_USAGE = YES_ERROR;
				CLANG_WARN_EMPTY_BODY = YES;
				CLANG_WARN_ENUM_CONVERSION = YES;
				CLANG_WARN_INT_CONVERSION = YES;
				CLANG_WARN_OBJC_ROOT_CLASS = YES_ERROR;
				CLANG_WARN_UNREACHABLE_CODE = YES;
				CLANG_WARN__DUPLICATE_METHOD_MATCH = YES;
				"CODE_SIGN_IDENTITY[sdk=iphoneos*]" = "iPhone Developer";
				COPY_PHASE_STRIP = NO;
				DEBUG_INFORMATION_FORMAT = "dwarf-with-dsym";
				ENABLE_NS_ASSERTIONS = NO;
				ENABLE_STRICT_OBJC_MSGSEND = YES;
				GCC_C_LANGUAGE_STANDARD = gnu99;
				GCC_NO_COMMON_BLOCKS = YES;
				GCC_WARN_64_TO_32_BIT_CONVERSION = YES;
				GCC_WARN_ABOUT_RETURN_TYPE = YES_ERROR;
				GCC_WARN_UNDECLARED_SELECTOR = YES;
				GCC_WARN_UNINITIALIZED_AUTOS = YES_AGGRESSIVE;
				GCC_WARN_UNUSED_FUNCTION = YES;
				GCC_WARN_UNUSED_VARIABLE = YES;
				IPHONEOS_DEPLOYMENT_TARGET = 9.3;
				MTL_ENABLE_DEBUG_INFO = NO;
				SDKROOT = iphoneos;
				VALIDATE_PRODUCT = YES;
			};
			name = Release;
		};
		C79456D01D1ADC6D00A2D341 /* Debug */ = {
			isa = XCBuildConfiguration;
			buildSettings = {
				ASSETCATALOG_COMPILER_APPICON_NAME = AppIcon;
				EMBEDDED_CONTENT_CONTAINS_SWIFT = YES;
				INFOPLIST_FILE = ShareExtensionTest/Info.plist;
				LD_RUNPATH_SEARCH_PATHS = "$(inherited) @executable_path/Frameworks";
				PRODUCT_BUNDLE_IDENTIFIER = jp.techacademy.maru.ishi.ShareExtensionTest;
				PRODUCT_NAME = "$(TARGET_NAME)";
			};
			name = Debug;
		};
		C79456D11D1ADC6D00A2D341 /* Release */ = {
			isa = XCBuildConfiguration;
			buildSettings = {
				ASSETCATALOG_COMPILER_APPICON_NAME = AppIcon;
				EMBEDDED_CONTENT_CONTAINS_SWIFT = YES;
				INFOPLIST_FILE = ShareExtensionTest/Info.plist;
				LD_RUNPATH_SEARCH_PATHS = "$(inherited) @executable_path/Frameworks";
				PRODUCT_BUNDLE_IDENTIFIER = jp.techacademy.maru.ishi.ShareExtensionTest;
				PRODUCT_NAME = "$(TARGET_NAME)";
			};
			name = Release;
		};
		C79456E21D1ADD1700A2D341 /* Debug */ = {
			isa = XCBuildConfiguration;
			buildSettings = {
				INFOPLIST_FILE = ShareExtension/Info.plist;
				LD_RUNPATH_SEARCH_PATHS = "$(inherited) @executable_path/Frameworks @executable_path/../../Frameworks";
				PRODUCT_BUNDLE_IDENTIFIER = jp.techacademy.maru.ishi.ShareExtensionTest.ShareExtension;
				PRODUCT_NAME = "$(TARGET_NAME)";
				SKIP_INSTALL = YES;
			};
			name = Debug;
		};
		C79456E31D1ADD1700A2D341 /* Release */ = {
			isa = XCBuildConfiguration;
			buildSettings = {
				INFOPLIST_FILE = ShareExtension/Info.plist;
				LD_RUNPATH_SEARCH_PATHS = "$(inherited) @executable_path/Frameworks @executable_path/../../Frameworks";
				PRODUCT_BUNDLE_IDENTIFIER = jp.techacademy.maru.ishi.ShareExtensionTest.ShareExtension;
				PRODUCT_NAME = "$(TARGET_NAME)";
				SKIP_INSTALL = YES;
			};
			name = Release;
		};
/* End XCBuildConfiguration section */

/* Begin XCConfigurationList section */
		C79456B81D1ADC6D00A2D341 /* Build configuration list for PBXProject "ShareExtensionTest" */ = {
			isa = XCConfigurationList;
			buildConfigurations = (
				C79456CD1D1ADC6D00A2D341 /* Debug */,
				C79456CE1D1ADC6D00A2D341 /* Release */,
			);
			defaultConfigurationIsVisible = 0;
			defaultConfigurationName = Release;
		};
		C79456CF1D1ADC6D00A2D341 /* Build configuration list for PBXNativeTarget "ShareExtensionTest" */ = {
			isa = XCConfigurationList;
			buildConfigurations = (
				C79456D01D1ADC6D00A2D341 /* Debug */,
				C79456D11D1ADC6D00A2D341 /* Release */,
			);
			defaultConfigurationIsVisible = 0;
		};
		C79456E11D1ADD1700A2D341 /* Build configuration list for PBXNativeTarget "ShareExtension" */ = {
			isa = XCConfigurationList;
			buildConfigurations = (
				C79456E21D1ADD1700A2D341 /* Debug */,
				C79456E31D1ADD1700A2D341 /* Release */,
			);
			defaultConfigurationIsVisible = 0;
		};
/* End XCConfigurationList section */
	};
	rootObject = C79456B51D1ADC6D00A2D341 /* Project object */;
}
